// !$*UTF8*$!
{
	archiveVersion = 1;
	classes = {
	};
	objectVersion = 46;
	objects = {

/* Begin PBXBuildFile section */
		43016E5F19E328EC00869ED8 /* Photos.m in Sources */ = {isa = PBXBuildFile; fileRef = 43016E5E19E328EC00869ED8 /* Photos.m */; };
		43290AD919DDA5D70021AE85 /* Facts.m in Sources */ = {isa = PBXBuildFile; fileRef = 43290AD819DDA5D70021AE85 /* Facts.m */; };
		4377307919DB55F9000C7F2C /* main.m in Sources */ = {isa = PBXBuildFile; fileRef = 4377307819DB55F9000C7F2C /* main.m */; };
		4377307C19DB55F9000C7F2C /* AppDelegate.m in Sources */ = {isa = PBXBuildFile; fileRef = 4377307B19DB55F9000C7F2C /* AppDelegate.m */; };
		4377307F19DB55F9000C7F2C /* ViewController.m in Sources */ = {isa = PBXBuildFile; fileRef = 4377307E19DB55F9000C7F2C /* ViewController.m */; };
		4377308219DB55F9000C7F2C /* Main.storyboard in Resources */ = {isa = PBXBuildFile; fileRef = 4377308019DB55F9000C7F2C /* Main.storyboard */; };
		4377308419DB55F9000C7F2C /* Images.xcassets in Resources */ = {isa = PBXBuildFile; fileRef = 4377308319DB55F9000C7F2C /* Images.xcassets */; };
		4377308719DB55F9000C7F2C /* LaunchScreen.xib in Resources */ = {isa = PBXBuildFile; fileRef = 4377308519DB55F9000C7F2C /* LaunchScreen.xib */; };
		4377309319DB55F9000C7F2C /* PhotoFactTests.m in Sources */ = {isa = PBXBuildFile; fileRef = 4377309219DB55F9000C7F2C /* PhotoFactTests.m */; };
/* End PBXBuildFile section */

/* Begin PBXContainerItemProxy section */
		4377308D19DB55F9000C7F2C /* PBXContainerItemProxy */ = {
			isa = PBXContainerItemProxy;
			containerPortal = 4377306B19DB55F8000C7F2C /* Project object */;
			proxyType = 1;
			remoteGlobalIDString = 4377307219DB55F9000C7F2C;
			remoteInfo = PhotoFact;
		};
/* End PBXContainerItemProxy section */

/* Begin PBXFileReference section */
		43016E5D19E328EC00869ED8 /* Photos.h */ = {isa = PBXFileReference; fileEncoding = 4; lastKnownFileType = sourcecode.c.h; path = Photos.h; sourceTree = "<group>"; };
		43016E5E19E328EC00869ED8 /* Photos.m */ = {isa = PBXFileReference; fileEncoding = 4; lastKnownFileType = sourcecode.c.objc; path = Photos.m; sourceTree = "<group>"; };
		43290AD719DDA5D70021AE85 /* Facts.h */ = {isa = PBXFileReference; fileEncoding = 4; lastKnownFileType = sourcecode.c.h; path = Facts.h; sourceTree = "<group>"; };
		43290AD819DDA5D70021AE85 /* Facts.m */ = {isa = PBXFileReference; fileEncoding = 4; lastKnownFileType = sourcecode.c.objc; path = Facts.m; sourceTree = "<group>"; };
		4377307319DB55F9000C7F2C /* PhotoFact.app */ = {isa = PBXFileReference; explicitFileType = wrapper.application; includeInIndex = 0; path = PhotoFact.app; sourceTree = BUILT_PRODUCTS_DIR; };
		4377307719DB55F9000C7F2C /* Info.plist */ = {isa = PBXFileReference; lastKnownFileType = text.plist.xml; path = Info.plist; sourceTree = "<group>"; };
		4377307819DB55F9000C7F2C /* main.m */ = {isa = PBXFileReference; lastKnownFileType = sourcecode.c.objc; path = main.m; sourceTree = "<group>"; };
		4377307A19DB55F9000C7F2C /* AppDelegate.h */ = {isa = PBXFileReference; lastKnownFileType = sourcecode.c.h; path = AppDelegate.h; sourceTree = "<group>"; };
		4377307B19DB55F9000C7F2C /* AppDelegate.m */ = {isa = PBXFileReference; lastKnownFileType = sourcecode.c.objc; path = AppDelegate.m; sourceTree = "<group>"; };
		4377307D19DB55F9000C7F2C /* ViewController.h */ = {isa = PBXFileReference; lastKnownFileType = sourcecode.c.h; path = ViewController.h; sourceTree = "<group>"; };
		4377307E19DB55F9000C7F2C /* ViewController.m */ = {isa = PBXFileReference; lastKnownFileType = sourcecode.c.objc; path = ViewController.m; sourceTree = "<group>"; };
		4377308119DB55F9000C7F2C /* Base */ = {isa = PBXFileReference; lastKnownFileType = file.storyboard; name = Base; path = Base.lproj/Main.storyboard; sourceTree = "<group>"; };
		4377308319DB55F9000C7F2C /* Images.xcassets */ = {isa = PBXFileReference; lastKnownFileType = folder.assetcatalog; path = Images.xcassets; sourceTree = "<group>"; };
		4377308619DB55F9000C7F2C /* Base */ = {isa = PBXFileReference; lastKnownFileType = file.xib; name = Base; path = Base.lproj/LaunchScreen.xib; sourceTree = "<group>"; };
		4377308C19DB55F9000C7F2C /* PhotoFactTests.xctest */ = {isa = PBXFileReference; explicitFileType = wrapper.cfbundle; includeInIndex = 0; path = PhotoFactTests.xctest; sourceTree = BUILT_PRODUCTS_DIR; };
		4377309119DB55F9000C7F2C /* Info.plist */ = {isa = PBXFileReference; lastKnownFileType = text.plist.xml; path = Info.plist; sourceTree = "<group>"; };
		4377309219DB55F9000C7F2C /* PhotoFactTests.m */ = {isa = PBXFileReference; lastKnownFileType = sourcecode.c.objc; path = PhotoFactTests.m; sourceTree = "<group>"; };
/* End PBXFileReference section */

/* Begin PBXFrameworksBuildPhase section */
		4377307019DB55F9000C7F2C /* Frameworks */ = {
			isa = PBXFrameworksBuildPhase;
			buildActionMask = 2147483647;
			files = (
			);
			runOnlyForDeploymentPostprocessing = 0;
		};
		4377308919DB55F9000C7F2C /* Frameworks */ = {
			isa = PBXFrameworksBuildPhase;
			buildActionMask = 2147483647;
			files = (
			);
			runOnlyForDeploymentPostprocessing = 0;
		};
/* End PBXFrameworksBuildPhase section */

/* Begin PBXGroup section */
		4377306A19DB55F8000C7F2C = {
			isa = PBXGroup;
			children = (
				4377307519DB55F9000C7F2C /* PhotoFact */,
				4377308F19DB55F9000C7F2C /* PhotoFactTests */,
				4377307419DB55F9000C7F2C /* Products */,
			);
			sourceTree = "<group>";
		};
		4377307419DB55F9000C7F2C /* Products */ = {
			isa = PBXGroup;
			children = (
				4377307319DB55F9000C7F2C /* PhotoFact.app */,
				4377308C19DB55F9000C7F2C /* PhotoFactTests.xctest */,
			);
			name = Products;
			sourceTree = "<group>";
		};
		4377307519DB55F9000C7F2C /* PhotoFact */ = {
			isa = PBXGroup;
			children = (
				4377307D19DB55F9000C7F2C /* ViewController.h */,
				4377307E19DB55F9000C7F2C /* ViewController.m */,
				4377308019DB55F9000C7F2C /* Main.storyboard */,
				4377308319DB55F9000C7F2C /* Images.xcassets */,
				4377308519DB55F9000C7F2C /* LaunchScreen.xib */,
				4377307619DB55F9000C7F2C /* Supporting Files */,
				43290AD719DDA5D70021AE85 /* Facts.h */,
				43290AD819DDA5D70021AE85 /* Facts.m */,
				43016E5D19E328EC00869ED8 /* Photos.h */,
				43016E5E19E328EC00869ED8 /* Photos.m */,
			);
			path = PhotoFact;
			sourceTree = "<group>";
		};
		4377307619DB55F9000C7F2C /* Supporting Files */ = {
			isa = PBXGroup;
			children = (
				4377307A19DB55F9000C7F2C /* AppDelegate.h */,
				4377307B19DB55F9000C7F2C /* AppDelegate.m */,
				4377307719DB55F9000C7F2C /* Info.plist */,
				4377307819DB55F9000C7F2C /* main.m */,
			);
			name = "Supporting Files";
			sourceTree = "<group>";
		};
		4377308F19DB55F9000C7F2C /* PhotoFactTests */ = {
			isa = PBXGroup;
			children = (
				4377309219DB55F9000C7F2C /* PhotoFactTests.m */,
				4377309019DB55F9000C7F2C /* Supporting Files */,
			);
			path = PhotoFactTests;
			sourceTree = "<group>";
		};
		4377309019DB55F9000C7F2C /* Supporting Files */ = {
			isa = PBXGroup;
			children = (
				4377309119DB55F9000C7F2C /* Info.plist */,
			);
			name = "Supporting Files";
			sourceTree = "<group>";
		};
/* End PBXGroup section */

/* Begin PBXNativeTarget section */
		4377307219DB55F9000C7F2C /* PhotoFact */ = {
			isa = PBXNativeTarget;
			buildConfigurationList = 4377309619DB55F9000C7F2C /* Build configuration list for PBXNativeTarget "PhotoFact" */;
			buildPhases = (
				4377306F19DB55F9000C7F2C /* Sources */,
				4377307019DB55F9000C7F2C /* Frameworks */,
				4377307119DB55F9000C7F2C /* Resources */,
			);
			buildRules = (
			);
			dependencies = (
			);
			name = PhotoFact;
			productName = PhotoFact;
			productReference = 4377307319DB55F9000C7F2C /* PhotoFact.app */;
			productType = "com.apple.product-type.application";
		};
		4377308B19DB55F9000C7F2C /* PhotoFactTests */ = {
			isa = PBXNativeTarget;
			buildConfigurationList = 4377309919DB55F9000C7F2C /* Build configuration list for PBXNativeTarget "PhotoFactTests" */;
			buildPhases = (
				4377308819DB55F9000C7F2C /* Sources */,
				4377308919DB55F9000C7F2C /* Frameworks */,
				4377308A19DB55F9000C7F2C /* Resources */,
			);
			buildRules = (
			);
			dependencies = (
				4377308E19DB55F9000C7F2C /* PBXTargetDependency */,
			);
			name = PhotoFactTests;
			productName = PhotoFactTests;
			productReference = 4377308C19DB55F9000C7F2C /* PhotoFactTests.xctest */;
			productType = "com.apple.product-type.bundle.unit-test";
		};
/* End PBXNativeTarget section */

/* Begin PBXProject section */
		4377306B19DB55F8000C7F2C /* Project object */ = {
			isa = PBXProject;
			attributes = {
				LastUpgradeCheck = 0600;
				ORGANIZATIONNAME = "Sharell Bryant";
				TargetAttributes = {
					4377307219DB55F9000C7F2C = {
						CreatedOnToolsVersion = 6.0.1;
					};
					4377308B19DB55F9000C7F2C = {
						CreatedOnToolsVersion = 6.0.1;
						TestTargetID = 4377307219DB55F9000C7F2C;
					};
				};
			};
			buildConfigurationList = 4377306E19DB55F9000C7F2C /* Build configuration list for PBXProject "PhotoFact" */;
			compatibilityVersion = "Xcode 3.2";
			developmentRegion = English;
			hasScannedForEncodings = 0;
			knownRegions = (
				en,
				Base,
			);
			mainGroup = 4377306A19DB55F8000C7F2C;
			productRefGroup = 4377307419DB55F9000C7F2C /* Products */;
			projectDirPath = "";
			projectRoot = "";
			targets = (
				4377307219DB55F9000C7F2C /* PhotoFact */,
				4377308B19DB55F9000C7F2C /* PhotoFactTests */,
			);
		};
/* End PBXProject section */

/* Begin PBXResourcesBuildPhase section */
		4377307119DB55F9000C7F2C /* Resources */ = {
			isa = PBXResourcesBuildPhase;
			buildActionMask = 2147483647;
			files = (
				4377308219DB55F9000C7F2C /* Main.storyboard in Resources */,
				4377308719DB55F9000C7F2C /* LaunchScreen.xib in Resources */,
				4377308419DB55F9000C7F2C /* Images.xcassets in Resources */,
			);
			runOnlyForDeploymentPostprocessing = 0;
		};
		4377308A19DB55F9000C7F2C /* Resources */ = {
			isa = PBXResourcesBuildPhase;
			buildActionMask = 2147483647;
			files = (
			);
			runOnlyForDeploymentPostprocessing = 0;
		};
/* End PBXResourcesBuildPhase section */

/* Begin PBXSourcesBuildPhase section */
		4377306F19DB55F9000C7F2C /* Sources */ = {
			isa = PBXSourcesBuildPhase;
			buildActionMask = 2147483647;
			files = (
				4377307F19DB55F9000C7F2C /* ViewController.m in Sources */,
				4377307C19DB55F9000C7F2C /* AppDelegate.m in Sources */,
				43016E5F19E328EC00869ED8 /* Photos.m in Sources */,
				4377307919DB55F9000C7F2C /* main.m in Sources */,
				43290AD919DDA5D70021AE85 /* Facts.m in Sources */,
			);
			runOnlyForDeploymentPostprocessing = 0;
		};
		4377308819DB55F9000C7F2C /* Sources */ = {
			isa = PBXSourcesBuildPhase;
			buildActionMask = 2147483647;
			files = (
				4377309319DB55F9000C7F2C /* PhotoFactTests.m in Sources */,
			);
			runOnlyForDeploymentPostprocessing = 0;
		};
/* End PBXSourcesBuildPhase section */

/* Begin PBXTargetDependency section */
		4377308E19DB55F9000C7F2C /* PBXTargetDependency */ = {
			isa = PBXTargetDependency;
			target = 4377307219DB55F9000C7F2C /* PhotoFact */;
			targetProxy = 4377308D19DB55F9000C7F2C /* PBXContainerItemProxy */;
		};
/* End PBXTargetDependency section */

/* Begin PBXVariantGroup section */
		4377308019DB55F9000C7F2C /* Main.storyboard */ = {
			isa = PBXVariantGroup;
			children = (
				4377308119DB55F9000C7F2C /* Base */,
			);
			name = Main.storyboard;
			sourceTree = "<group>";
		};
		4377308519DB55F9000C7F2C /* LaunchScreen.xib */ = {
			isa = PBXVariantGroup;
			children = (
				4377308619DB55F9000C7F2C /* Base */,
			);
			name = LaunchScreen.xib;
			sourceTree = "<group>";
		};
/* End PBXVariantGroup section */

/* Begin XCBuildConfiguration section */
		4377309419DB55F9000C7F2C /* Debug */ = {
			isa = XCBuildConfiguration;
			buildSettings = {
				ALWAYS_SEARCH_USER_PATHS = NO;
				CLANG_CXX_LANGUAGE_STANDARD = "gnu++0x";
				CLANG_CXX_LIBRARY = "libc++";
				CLANG_ENABLE_MODULES = YES;
				CLANG_ENABLE_OBJC_ARC = YES;
				CLANG_WARN_BOOL_CONVERSION = YES;
				CLANG_WARN_CONSTANT_CONVERSION = YES;
				CLANG_WARN_DIRECT_OBJC_ISA_USAGE = YES_ERROR;
				CLANG_WARN_EMPTY_BODY = YES;
				CLANG_WARN_ENUM_CONVERSION = YES;
				CLANG_WARN_INT_CONVERSION = YES;
				CLANG_WARN_OBJC_ROOT_CLASS = YES_ERROR;
				CLANG_WARN_UNREACHABLE_CODE = YES;
				CLANG_WARN__DUPLICATE_METHOD_MATCH = YES;
				"CODE_SIGN_IDENTITY[sdk=iphoneos*]" = "iPhone Developer";
				COPY_PHASE_STRIP = NO;
				ENABLE_STRICT_OBJC_MSGSEND = YES;
				GCC_C_LANGUAGE_STANDARD = gnu99;
				GCC_DYNAMIC_NO_PIC = NO;
				GCC_OPTIMIZATION_LEVEL = 0;
				GCC_PREPROCESSOR_DEFINITIONS = (
					"DEBUG=1",
					"$(inherited)",
				);
				GCC_SYMBOLS_PRIVATE_EXTERN = NO;
				GCC_WARN_64_TO_32_BIT_CONVERSION = YES;
				GCC_WARN_ABOUT_RETURN_TYPE = YES_ERROR;
				GCC_WARN_UNDECLARED_SELECTOR = YES;
				GCC_WARN_UNINITIALIZED_AUTOS = YES_AGGRESSIVE;
				GCC_WARN_UNUSED_FUNCTION = YES;
				GCC_WARN_UNUSED_VARIABLE = YES;
				IPHONEOS_DEPLOYMENT_TARGET = 8.0;
				MTL_ENABLE_DEBUG_INFO = YES;
				ONLY_ACTIVE_ARCH = YES;
				SDKROOT = iphoneos;
			};
			name = Debug;
		};
		4377309519DB55F9000C7F2C /* Release */ = {
			isa = XCBuildConfiguration;
			buildSettings = {
				ALWAYS_SEARCH_USER_PATHS = NO;
				CLANG_CXX_LANGUAGE_STANDARD = "gnu++0x";
				CLANG_CXX_LIBRARY = "libc++";
				CLANG_ENABLE_MODULES = YES;
				CLANG_ENABLE_OBJC_ARC = YES;
				CLANG_WARN_BOOL_CONVERSION = YES;
				CLANG_WARN_CONSTANT_CONVERSION = YES;
				CLANG_WARN_DIRECT_OBJC_ISA_USAGE = YES_ERROR;
				CLANG_WARN_EMPTY_BODY = YES;
				CLANG_WARN_ENUM_CONVERSION = YES;
				CLANG_WARN_INT_CONVERSION = YES;
				CLANG_WARN_OBJC_ROOT_CLASS = YES_ERROR;
				CLANG_WARN_UNREACHABLE_CODE = YES;
				CLANG_WARN__DUPLICATE_METHOD_MATCH = YES;
				"CODE_SIGN_IDENTITY[sdk=iphoneos*]" = "iPhone Developer";
				COPY_PHASE_STRIP = YES;
				ENABLE_NS_ASSERTIONS = NO;
				ENABLE_STRICT_OBJC_MSGSEND = YES;
				GCC_C_LANGUAGE_STANDARD = gnu99;
				GCC_WARN_64_TO_32_BIT_CONVERSION = YES;
				GCC_WARN_ABOUT_RETURN_TYPE = YES_ERROR;
				GCC_WARN_UNDECLARED_SELECTOR = YES;
				GCC_WARN_UNINITIALIZED_AUTOS = YES_AGGRESSIVE;
				GCC_WARN_UNUSED_FUNCTION = YES;
				GCC_WARN_UNUSED_VARIABLE = YES;
				IPHONEOS_DEPLOYMENT_TARGET = 8.0;
				MTL_ENABLE_DEBUG_INFO = NO;
				SDKROOT = iphoneos;
				VALIDATE_PRODUCT = YES;
			};
			name = Release;
		};
		4377309719DB55F9000C7F2C /* Debug */ = {
			isa = XCBuildConfiguration;
			buildSettings = {
				ASSETCATALOG_COMPILER_APPICON_NAME = AppIcon;
				INFOPLIST_FILE = PhotoFact/Info.plist;
				LD_RUNPATH_SEARCH_PATHS = "$(inherited) @executable_path/Frameworks";
				PRODUCT_NAME = "$(TARGET_NAME)";
			};
			name = Debug;
		};
		4377309819DB55F9000C7F2C /* Release */ = {
			isa = XCBuildConfiguration;
			buildSettings = {
				ASSETCATALOG_COMPILER_APPICON_NAME = AppIcon;
				INFOPLIST_FILE = PhotoFact/Info.plist;
				LD_RUNPATH_SEARCH_PATHS = "$(inherited) @executable_path/Frameworks";
				PRODUCT_NAME = "$(TARGET_NAME)";
			};
			name = Release;
		};
		4377309A19DB55F9000C7F2C /* Debug */ = {
			isa = XCBuildConfiguration;
			buildSettings = {
				BUNDLE_LOADER = "$(TEST_HOST)";
				FRAMEWORK_SEARCH_PATHS = (
					"$(SDKROOT)/Developer/Library/Frameworks",
					"$(inherited)",
				);
				GCC_PREPROCESSOR_DEFINITIONS = (
					"DEBUG=1",
					"$(inherited)",
				);
				INFOPLIST_FILE = PhotoFactTests/Info.plist;
				LD_RUNPATH_SEARCH_PATHS = "$(inherited) @executable_path/Frameworks @loader_path/Frameworks";
				PRODUCT_NAME = "$(TARGET_NAME)";
				TEST_HOST = "$(BUILT_PRODUCTS_DIR)/PhotoFact.app/PhotoFact";
			};
			name = Debug;
		};
		4377309B19DB55F9000C7F2C /* Release */ = {
			isa = XCBuildConfiguration;
			buildSettings = {
				BUNDLE_LOADER = "$(TEST_HOST)";
				FRAMEWORK_SEARCH_PATHS = (
					"$(SDKROOT)/Developer/Library/Frameworks",
					"$(inherited)",
				);
				INFOPLIST_FILE = PhotoFactTests/Info.plist;
				LD_RUNPATH_SEARCH_PATHS = "$(inherited) @executable_path/Frameworks @loader_path/Frameworks";
				PRODUCT_NAME = "$(TARGET_NAME)";
				TEST_HOST = "$(BUILT_PRODUCTS_DIR)/PhotoFact.app/PhotoFact";
			};
			name = Release;
		};
/* End XCBuildConfiguration section */

/* Begin XCConfigurationList section */
		4377306E19DB55F9000C7F2C /* Build configuration list for PBXProject "PhotoFact" */ = {
			isa = XCConfigurationList;
			buildConfigurations = (
				4377309419DB55F9000C7F2C /* Debug */,
				4377309519DB55F9000C7F2C /* Release */,
			);
			defaultConfigurationIsVisible = 0;
			defaultConfigurationName = Release;
		};
		4377309619DB55F9000C7F2C /* Build configuration list for PBXNativeTarget "PhotoFact" */ = {
			isa = XCConfigurationList;
			buildConfigurations = (
				4377309719DB55F9000C7F2C /* Debug */,
				4377309819DB55F9000C7F2C /* Release */,
			);
			defaultConfigurationIsVisible = 0;
			defaultConfigurationName = Release;
		};
		4377309919DB55F9000C7F2C /* Build configuration list for PBXNativeTarget "PhotoFactTests" */ = {
			isa = XCConfigurationList;
			buildConfigurations = (
				4377309A19DB55F9000C7F2C /* Debug */,
				4377309B19DB55F9000C7F2C /* Release */,
			);
			defaultConfigurationIsVisible = 0;
			defaultConfigurationName = Release;
		};
/* End XCConfigurationList section */
	};
	rootObject = 4377306B19DB55F8000C7F2C /* Project object */;
}
